<?xml version="1.0" encoding="utf-8"?>
<Project ToolsVersion="4.0" xmlns="http://schemas.microsoft.com/developer/msbuild/2003">
  <ItemGroup>
    <Filter Include="Source Files">
      <UniqueIdentifier>{4FC737F1-C7A5-4376-A066-2A32D752A2FF}</UniqueIdentifier>
      <Extensions>cpp;c;cc;cxx;def;odl;idl;hpj;bat;asm;asmx</Extensions>
    </Filter>
    <Filter Include="Header Files">
      <UniqueIdentifier>{93995380-89BD-4b04-88EB-625FBE52EBFB}</UniqueIdentifier>
      <Extensions>h;hh;hpp;hxx;hm;inl;inc;xsd</Extensions>
    </Filter>
    <Filter Include="Resource Files">
      <UniqueIdentifier>{67DA6AB6-F800-4c08-8B7A-83BB121AAD01}</UniqueIdentifier>
      <Extensions>rc;ico;cur;bmp;dlg;rc2;rct;bin;rgs;gif;jpg;jpeg;jpe;resx;tiff;tif;png;wav;mfcribbon-ms</Extensions>
    </Filter>
  </ItemGroup>
  <ItemGroup>
    <None Include="ADS_B_SDR_STM32F407_23_12_24_23.ino" />
  </ItemGroup>
  <ItemGroup>
    <ClInclude Include="__vm\.ADS_B_SDR_STM32F407_23_12_24_23.vsarduino.h">
      <Filter>Header Files</Filter>
    </ClInclude>
    <ClInclude Include="BigRusFont.h">
      <Filter>Header Files</Filter>
    </ClInclude>
    <ClInclude Include="Buttons.h">
      <Filter>Header Files</Filter>
    </ClInclude>
    <ClInclude Include="CONFIG.h">
      <Filter>Header Files</Filter>
    </ClInclude>
    <ClInclude Include="CoreButton.h">
      <Filter>Header Files</Filter>
    </ClInclude>
    <ClInclude Include="CoreCommandBuffer.h">
      <Filter>Header Files</Filter>
    </ClInclude>
    <ClInclude Include="Debounce.h">
      <Filter>Header Files</Filter>
    </ClInclude>
    <ClInclude Include="DelayedEvents.h">
      <Filter>Header Files</Filter>
    </ClInclude>
    <ClInclude Include="DS3231.h">
      <Filter>Header Files</Filter>
    </ClInclude>
    <ClInclude Include="Feedback.h">
      <Filter>Header Files</Filter>
    </ClInclude>
    <ClInclude Include="Screen1.h">
      <Filter>Header Files</Filter>
    </ClInclude>
    <ClInclude Include="Screen3.h">
      <Filter>Header Files</Filter>
    </ClInclude>
    <ClInclude Include="Screen4.h">
      <Filter>Header Files</Filter>
    </ClInclude>
    <ClInclude Include="Screen5.h">
      <Filter>Header Files</Filter>
    </ClInclude>
    <ClInclude Include="Screen6.h">
      <Filter>Header Files</Filter>
    </ClInclude>
    <ClInclude Include="Settings.h">
      <Filter>Header Files</Filter>
    </ClInclude>
    <ClInclude Include="SmallRusFont.h">
      <Filter>Header Files</Filter>
    </ClInclude>
    <ClInclude Include="TFTMenu.h">
      <Filter>Header Files</Filter>
    </ClInclude>
    <ClInclude Include="TFTRus.h">
      <Filter>Header Files</Filter>
    </ClInclude>
    <ClInclude Include="TFT_Buttons_Rus.h">
      <Filter>Header Files</Filter>
    </ClInclude>
    <ClInclude Include="TFT_Includes.h">
      <Filter>Header Files</Filter>
    </ClInclude>
    <ClInclude Include="TFT_Touch.h">
      <Filter>Header Files</Filter>
    </ClInclude>
    <ClInclude Include="TinyVector.h">
      <Filter>Header Files</Filter>
    </ClInclude>
    <ClInclude Include="Utils.h">
      <Filter>Header Files</Filter>
    </ClInclude>
    <ClInclude Include="Various_Symbols_16x32.h">
      <Filter>Header Files</Filter>
    </ClInclude>
    <ClInclude Include="Various_Symbols_32x32.h">
      <Filter>Header Files</Filter>
    </ClInclude>
  </ItemGroup>
  <ItemGroup>
    <ClCompile Include="Buttons.cpp">
      <Filter>Source Files</Filter>
    </ClCompile>
    <ClCompile Include="CoreButton.cpp">
      <Filter>Source Files</Filter>
    </ClCompile>
    <ClCompile Include="CoreCommandBuffer.cpp">
      <Filter>Source Files</Filter>
    </ClCompile>
    <ClCompile Include="Debounce.cpp">
      <Filter>Source Files</Filter>
    </ClCompile>
    <ClCompile Include="DelayedEvents.cpp">
      <Filter>Source Files</Filter>
    </ClCompile>
    <ClCompile Include="DS3231.cpp">
      <Filter>Source Files</Filter>
    </ClCompile>
    <ClCompile Include="Feedback.cpp">
      <Filter>Source Files</Filter>
    </ClCompile>
    <ClCompile Include="Screen1.cpp">
      <Filter>Source Files</Filter>
    </ClCompile>
    <ClCompile Include="Screen3.cpp">
      <Filter>Source Files</Filter>
    </ClCompile>
    <ClCompile Include="Screen4.cpp">
      <Filter>Source Files</Filter>
    </ClCompile>
    <ClCompile Include="Screen5.cpp">
      <Filter>Source Files</Filter>
    </ClCompile>
    <ClCompile Include="Screen6.cpp">
      <Filter>Source Files</Filter>
    </ClCompile>
    <ClCompile Include="Settings.cpp">
      <Filter>Source Files</Filter>
    </ClCompile>
    <ClCompile Include="TFTMenu.cpp">
      <Filter>Source Files</Filter>
    </ClCompile>
    <ClCompile Include="TFTRus.cpp">
      <Filter>Source Files</Filter>
    </ClCompile>
    <ClCompile Include="TFT_Buttons_Rus.cpp">
      <Filter>Source Files</Filter>
    </ClCompile>
    <ClCompile Include="TFT_Touch.cpp">
      <Filter>Source Files</Filter>
    </ClCompile>
  </ItemGroup>
</Project>