<?xml version="1.0" encoding="utf-8"?>
<Project ToolsVersion="4.0" xmlns="http://schemas.microsoft.com/developer/msbuild/2003">
  <ItemGroup>
    <Filter Include="Source Files">
      <UniqueIdentifier>{4FC737F1-C7A5-4376-A066-2A32D752A2FF}</UniqueIdentifier>
      <Extensions>cpp;c;cc;cxx;def;odl;idl;hpj;bat;asm;asmx</Extensions>
    </Filter>
    <Filter Include="Header Files">
      <UniqueIdentifier>{93995380-89BD-4b04-88EB-625FBE52EBFB}</UniqueIdentifier>
      <Extensions>h;hh;hpp;hxx;hm;inl;inc;xsd</Extensions>
    </Filter>
    <Filter Include="Resource Files">
      <UniqueIdentifier>{67DA6AB6-F800-4c08-8B7A-83BB121AAD01}</UniqueIdentifier>
      <Extensions>rc;ico;cur;bmp;dlg;rc2;rct;bin;rgs;gif;jpg;jpeg;jpe;resx;tiff;tif;png;wav;mfcribbon-ms</Extensions>
    </Filter>
  </ItemGroup>
  <ItemGroup>
    <None Include="ADS-B_SDR_STM32F103_23_12_23_01.ino" />
    <None Include="r820t_lib.ino" />
  </ItemGroup>
  <ItemGroup>
    <ClInclude Include="__vm\.ADS-B_SDR_STM32F103_23_12_23_01.vsarduino.h">
      <Filter>Header Files</Filter>
    </ClInclude>
    <ClInclude Include="AbstractModule.h">
      <Filter>Header Files</Filter>
    </ClInclude>
    <ClInclude Include="BigRusFont.h">
      <Filter>Header Files</Filter>
    </ClInclude>
    <ClInclude Include="cat.h">
      <Filter>Header Files</Filter>
    </ClInclude>
    <ClInclude Include="CONFIG.h">
      <Filter>Header Files</Filter>
    </ClInclude>
    <ClInclude Include="FT857_cat.h">
      <Filter>Header Files</Filter>
    </ClInclude>
    <ClInclude Include="NotoSansBold15.h">
      <Filter>Header Files</Filter>
    </ClInclude>
    <ClInclude Include="NotoSansMonoSCB20.h">
      <Filter>Header Files</Filter>
    </ClInclude>
    <ClInclude Include="RusFont.h">
      <Filter>Header Files</Filter>
    </ClInclude>
    <ClInclude Include="serial_cmd.h">
      <Filter>Header Files</Filter>
    </ClInclude>
    <ClInclude Include="SevenSegNumFontMDS.h">
      <Filter>Header Files</Filter>
    </ClInclude>
    <ClInclude Include="SevenSegNumFontPlus.h">
      <Filter>Header Files</Filter>
    </ClInclude>
    <ClInclude Include="SmallRusFont.h">
      <Filter>Header Files</Filter>
    </ClInclude>
    <ClInclude Include="SoftRF.h">
      <Filter>Header Files</Filter>
    </ClInclude>
    <ClInclude Include="TFTMenu.h">
      <Filter>Header Files</Filter>
    </ClInclude>
    <ClInclude Include="TFTModule.h">
      <Filter>Header Files</Filter>
    </ClInclude>
    <ClInclude Include="TFTRus.h">
      <Filter>Header Files</Filter>
    </ClInclude>
    <ClInclude Include="TFT_Includes.h">
      <Filter>Header Files</Filter>
    </ClInclude>
    <ClInclude Include="TinyVector.h">
      <Filter>Header Files</Filter>
    </ClInclude>
  </ItemGroup>
  <ItemGroup>
    <ClCompile Include="AbstractModule.cpp">
      <Filter>Source Files</Filter>
    </ClCompile>
    <ClCompile Include="TFTMenu.cpp">
      <Filter>Source Files</Filter>
    </ClCompile>
    <ClCompile Include="TFTModule.cpp">
      <Filter>Source Files</Filter>
    </ClCompile>
    <ClCompile Include="TFTRus.cpp">
      <Filter>Source Files</Filter>
    </ClCompile>
  </ItemGroup>
</Project>